
Microsoft Visual Studio Solution File, Format Version 12.00
# Visual Studio Version 17
VisualStudioVersion = 17.3.32825.248
MinimumVisualStudioVersion = 10.0.40219.1
Project("{FAE04EC0-301F-11D3-BF4B-00C04F79EFBC}") = "Prime numbers", "Prime numbers\Prime numbers.csproj", "{295F6AC4-3C4F-4424-9EFC-C7E8848BD45E}"
EndProject
Global
	GlobalSection(SolutionConfigurationPlatforms) = preSolution
		Debug|Any CPU = Debug|Any CPU
		Release|Any CPU = Release|Any CPU
	EndGlobalSection
	GlobalSection(ProjectConfigurationPlatforms) = postSolution
		{295F6AC4-3C4F-4424-9EFC-C7E8848BD45E}.Debug|Any CPU.ActiveCfg = Debug|Any CPU
		{295F6AC4-3C4F-4424-9EFC-C7E8848BD45E}.Debug|Any CPU.Build.0 = Debug|Any CPU
		{295F6AC4-3C4F-4424-9EFC-C7E8848BD45E}.Release|Any CPU.ActiveCfg = Release|Any CPU
		{295F6AC4-3C4F-4424-9EFC-C7E8848BD45E}.Release|Any CPU.Build.0 = Release|Any CPU
	EndGlobalSection
	GlobalSection(SolutionProperties) = preSolution
		HideSolutionNode = FALSE
	EndGlobalSection
	GlobalSection(ExtensibilityGlobals) = postSolution
		SolutionGuid = {134E02BB-2A1B-4717-AAED-E19B70CE2489}
	EndGlobalSection
EndGlobal
